
Microsoft Visual Studio Solution File, Format Version 12.00
# Visual Studio 15
VisualStudioVersion = 15.0.26430.6
MinimumVisualStudioVersion = 10.0.40219.1
Project("{FAE04EC0-301F-11D3-BF4B-00C04F79EFBC}") = "GenerateObservationData", "GenerateObservationData\GenerateObservationData.csproj", "{53EDB3BA-20BD-4BA7-9351-BFC8C8AE41E0}"
EndProject
Global
	GlobalSection(SolutionConfigurationPlatforms) = preSolution
		Debug|Any CPU = Debug|Any CPU
		Release|Any CPU = Release|Any CPU
	EndGlobalSection
	GlobalSection(ProjectConfigurationPlatforms) = postSolution
		{53EDB3BA-20BD-4BA7-9351-BFC8C8AE41E0}.Debug|Any CPU.ActiveCfg = Debug|Any CPU
		{53EDB3BA-20BD-4BA7-9351-BFC8C8AE41E0}.Debug|Any CPU.Build.0 = Debug|Any CPU
		{53EDB3BA-20BD-4BA7-9351-BFC8C8AE41E0}.Release|Any CPU.ActiveCfg = Release|Any CPU
		{53EDB3BA-20BD-4BA7-9351-BFC8C8AE41E0}.Release|Any CPU.Build.0 = Release|Any CPU
	EndGlobalSection
	GlobalSection(SolutionProperties) = preSolution
		HideSolutionNode = FALSE
	EndGlobalSection
EndGlobal
